
Microsoft Visual Studio Solution File, Format Version 12.00
# Visual Studio 14
VisualStudioVersion = 14.0.25420.1
MinimumVisualStudioVersion = 10.0.40219.1
Project("{FAE04EC0-301F-11D3-BF4B-00C04F79EFBC}") = "AngularEnterpriseArchitecture", "AngularEnterpriseArchitecture\AngularEnterpriseArchitecture.csproj", "{FAAFA33A-C821-4121-8EFB-86993120F512}"
EndProject
Project("{FAE04EC0-301F-11D3-BF4B-00C04F79EFBC}") = "AEA.LoadTester", "AEA.LoadTester\AEA.LoadTester.csproj", "{9CF659B1-C187-482F-BD27-C74BC2630EB4}"
EndProject
Global
	GlobalSection(SolutionConfigurationPlatforms) = preSolution
		Debug|Any CPU = Debug|Any CPU
		Release|Any CPU = Release|Any CPU
	EndGlobalSection
	GlobalSection(ProjectConfigurationPlatforms) = postSolution
		{FAAFA33A-C821-4121-8EFB-86993120F512}.Debug|Any CPU.ActiveCfg = Debug|Any CPU
		{FAAFA33A-C821-4121-8EFB-86993120F512}.Debug|Any CPU.Build.0 = Debug|Any CPU
		{FAAFA33A-C821-4121-8EFB-86993120F512}.Release|Any CPU.ActiveCfg = Release|Any CPU
		{FAAFA33A-C821-4121-8EFB-86993120F512}.Release|Any CPU.Build.0 = Release|Any CPU
		{9CF659B1-C187-482F-BD27-C74BC2630EB4}.Debug|Any CPU.ActiveCfg = Debug|Any CPU
		{9CF659B1-C187-482F-BD27-C74BC2630EB4}.Debug|Any CPU.Build.0 = Debug|Any CPU
		{9CF659B1-C187-482F-BD27-C74BC2630EB4}.Release|Any CPU.ActiveCfg = Release|Any CPU
		{9CF659B1-C187-482F-BD27-C74BC2630EB4}.Release|Any CPU.Build.0 = Release|Any CPU
	EndGlobalSection
	GlobalSection(SolutionProperties) = preSolution
		HideSolutionNode = FALSE
	EndGlobalSection
EndGlobal
